
Microsoft Visual Studio Solution File, Format Version 12.00
# Visual Studio Version 17
VisualStudioVersion = 17.3.32922.545
MinimumVisualStudioVersion = 10.0.40219.1
Project("{9A19103F-16F7-4668-BE54-9A1E7A4F7556}") = "ConsoleApp1", "ConsoleApp1\ConsoleApp1.csproj", "{D6ABE332-D5D4-4701-A939-50B6C8726006}"
EndProject
Project("{9A19103F-16F7-4668-BE54-9A1E7A4F7556}") = "ShowPicInForm", "ShowPicInForm\ShowPicInForm.csproj", "{2112404F-BA52-4FD5-BC62-1DB1422D58DD}"
EndProject
Project("{FAE04EC0-301F-11D3-BF4B-00C04F79EFBC}") = "WindowsFormsApp2", "WindowsFormsApp2\WindowsFormsApp2.csproj", "{4DD1584C-21EC-449F-9528-7A450D5A457A}"
EndProject
Project("{9A19103F-16F7-4668-BE54-9A1E7A4F7556}") = "MyClassLibrary", "MyClassLibrary\MyClassLibrary.csproj", "{E0E3AD55-C87F-4068-8DC9-66797D6A04E3}"
EndProject
Project("{9A19103F-16F7-4668-BE54-9A1E7A4F7556}") = "Animal_zoo", "Animal_zoo\Animal_zoo.csproj", "{11D71F79-168E-44A1-9FFA-27DAECCF0FC8}"
EndProject
Project("{9A19103F-16F7-4668-BE54-9A1E7A4F7556}") = "AbstractClassAndInterface", "AbstractClassAndInterface\AbstractClassAndInterface.csproj", "{D545B8FD-0AD8-4B82-B02D-DCCCE26D472A}"
EndProject
Project("{9A19103F-16F7-4668-BE54-9A1E7A4F7556}") = "PatternMatch", "PatternMatch\PatternMatch.csproj", "{0C4872FD-A076-4748-B24B-D60FE42253A8}"
EndProject
Project("{9A19103F-16F7-4668-BE54-9A1E7A4F7556}") = "ExceptionCatch", "ExceptionCatch\ExceptionCatch.csproj", "{046F80D1-6AC8-4219-90E5-F39BEDFAA974}"
EndProject
Project("{9A19103F-16F7-4668-BE54-9A1E7A4F7556}") = "EmbedException", "EmbedException\EmbedException.csproj", "{E57E029A-D40D-43E0-B2F9-0A4FDD0A9EFF}"
EndProject
Project("{9A19103F-16F7-4668-BE54-9A1E7A4F7556}") = "GenericProgram", "GenericProgram\GenericProgram.csproj", "{B3CCC14D-E8F7-48AE-9F20-DFF5339B0718}"
EndProject
Project("{9A19103F-16F7-4668-BE54-9A1E7A4F7556}") = "NullType", "NullType\NullType.csproj", "{18984CF0-AC5E-4D41-B17E-EABB5A8FFBC8}"
EndProject
Project("{FAE04EC0-301F-11D3-BF4B-00C04F79EFBC}") = "WindowsFormsApp1", "WindowsFormsApp1\WindowsFormsApp1.csproj", "{E8A113E9-A9CC-4E75-8ABA-3F8BD303AC87}"
EndProject
Project("{9A19103F-16F7-4668-BE54-9A1E7A4F7556}") = "ExceptionHandle", "ExceptionHandle\ExceptionHandle.csproj", "{6727EBE5-70CA-4DD8-983F-06466DFDCF5C}"
EndProject
Project("{9A19103F-16F7-4668-BE54-9A1E7A4F7556}") = "ObjectEmbed", "ObjectEmbed\ObjectEmbed.csproj", "{2D3565EE-4ED6-457E-85AD-BA12F4A2377B}"
EndProject
Project("{9A19103F-16F7-4668-BE54-9A1E7A4F7556}") = "OnetoMoreObjectEmbed", "OnetoMoreObjectEmbed\OnetoMoreObjectEmbed.csproj", "{05DEFD7E-2DE4-4363-AF30-481295906BE6}"
EndProject
Project("{9A19103F-16F7-4668-BE54-9A1E7A4F7556}") = "SelfReferenceClass", "SelfReferenceClass\SelfReferenceClass.csproj", "{2E327C31-D034-42A4-BB0B-EB9D9D9830F8}"
EndProject
Project("{9A19103F-16F7-4668-BE54-9A1E7A4F7556}") = "ObjectClone", "ObjectClone\ObjectClone.csproj", "{AD13A18C-79A4-44D8-85FD-118BF52B0ADD}"
EndProject
Project("{9A19103F-16F7-4668-BE54-9A1E7A4F7556}") = "ObjectSerilization", "ObjectSerilization\ObjectSerilization.csproj", "{CBCB7125-637E-4F84-BD25-3AD090FE26B8}"
EndProject
Project("{9A19103F-16F7-4668-BE54-9A1E7A4F7556}") = "SingleObjectSerialization", "SingleObjectSerialization\SingleObjectSerialization.csproj", "{92FA8019-080A-4232-BA2F-5F7320D69663}"
EndProject
Project("{9A19103F-16F7-4668-BE54-9A1E7A4F7556}") = "ObjectCloneViaSerialization", "ObjectCloneViaSerialization\ObjectCloneViaSerialization.csproj", "{A69F1E82-EECE-4C6E-A300-865D6CF51F94}"
EndProject
Project("{9A19103F-16F7-4668-BE54-9A1E7A4F7556}") = "Delegate", "Delegate\Delegate.csproj", "{E2C9F8BA-DDF5-4D9B-9DC6-59016C5B9A96}"
EndProject
Project("{9A19103F-16F7-4668-BE54-9A1E7A4F7556}") = "EventKeyWord", "EventKeyWord\EventKeyWord.csproj", "{A11F4820-A7E4-41F3-A01F-E33A8949C894}"
EndProject
Project("{9A19103F-16F7-4668-BE54-9A1E7A4F7556}") = "frmMain", "MainToOther\frmMain.csproj", "{A6BDC41B-CEB9-441B-95DD-4F0440BAB9C0}"
EndProject
Project("{9A19103F-16F7-4668-BE54-9A1E7A4F7556}") = "CallBackExample", "CallBackExample\CallBackExample.csproj", "{BBB8356F-F768-4BC0-85A6-80B316B7C986}"
EndProject
Project("{9A19103F-16F7-4668-BE54-9A1E7A4F7556}") = "BroadCastMessage", "BroadCastMessage\BroadCastMessage.csproj", "{2BFE2300-FB6F-4391-8FDE-E543D1493189}"
EndProject
Project("{FAE04EC0-301F-11D3-BF4B-00C04F79EFBC}") = "Disposable", "Disposable\Disposable.csproj", "{B08AE073-14CE-4C32-B76B-232B23C3B95D}"
EndProject
Global
	GlobalSection(SolutionConfigurationPlatforms) = preSolution
		Debug|Any CPU = Debug|Any CPU
		Release|Any CPU = Release|Any CPU
	EndGlobalSection
	GlobalSection(ProjectConfigurationPlatforms) = postSolution
		{D6ABE332-D5D4-4701-A939-50B6C8726006}.Debug|Any CPU.ActiveCfg = Debug|Any CPU
		{D6ABE332-D5D4-4701-A939-50B6C8726006}.Debug|Any CPU.Build.0 = Debug|Any CPU
		{D6ABE332-D5D4-4701-A939-50B6C8726006}.Release|Any CPU.ActiveCfg = Release|Any CPU
		{D6ABE332-D5D4-4701-A939-50B6C8726006}.Release|Any CPU.Build.0 = Release|Any CPU
		{2112404F-BA52-4FD5-BC62-1DB1422D58DD}.Debug|Any CPU.ActiveCfg = Debug|Any CPU
		{2112404F-BA52-4FD5-BC62-1DB1422D58DD}.Debug|Any CPU.Build.0 = Debug|Any CPU
		{2112404F-BA52-4FD5-BC62-1DB1422D58DD}.Release|Any CPU.ActiveCfg = Release|Any CPU
		{2112404F-BA52-4FD5-BC62-1DB1422D58DD}.Release|Any CPU.Build.0 = Release|Any CPU
		{4DD1584C-21EC-449F-9528-7A450D5A457A}.Debug|Any CPU.ActiveCfg = Debug|Any CPU
		{4DD1584C-21EC-449F-9528-7A450D5A457A}.Debug|Any CPU.Build.0 = Debug|Any CPU
		{4DD1584C-21EC-449F-9528-7A450D5A457A}.Release|Any CPU.ActiveCfg = Release|Any CPU
		{4DD1584C-21EC-449F-9528-7A450D5A457A}.Release|Any CPU.Build.0 = Release|Any CPU
		{E0E3AD55-C87F-4068-8DC9-66797D6A04E3}.Debug|Any CPU.ActiveCfg = Debug|Any CPU
		{E0E3AD55-C87F-4068-8DC9-66797D6A04E3}.Debug|Any CPU.Build.0 = Debug|Any CPU
		{E0E3AD55-C87F-4068-8DC9-66797D6A04E3}.Release|Any CPU.ActiveCfg = Release|Any CPU
		{E0E3AD55-C87F-4068-8DC9-66797D6A04E3}.Release|Any CPU.Build.0 = Release|Any CPU
		{11D71F79-168E-44A1-9FFA-27DAECCF0FC8}.Debug|Any CPU.ActiveCfg = Debug|Any CPU
		{11D71F79-168E-44A1-9FFA-27DAECCF0FC8}.Debug|Any CPU.Build.0 = Debug|Any CPU
		{11D71F79-168E-44A1-9FFA-27DAECCF0FC8}.Release|Any CPU.ActiveCfg = Release|Any CPU
		{11D71F79-168E-44A1-9FFA-27DAECCF0FC8}.Release|Any CPU.Build.0 = Release|Any CPU
		{D545B8FD-0AD8-4B82-B02D-DCCCE26D472A}.Debug|Any CPU.ActiveCfg = Debug|Any CPU
		{D545B8FD-0AD8-4B82-B02D-DCCCE26D472A}.Debug|Any CPU.Build.0 = Debug|Any CPU
		{D545B8FD-0AD8-4B82-B02D-DCCCE26D472A}.Release|Any CPU.ActiveCfg = Release|Any CPU
		{D545B8FD-0AD8-4B82-B02D-DCCCE26D472A}.Release|Any CPU.Build.0 = Release|Any CPU
		{0C4872FD-A076-4748-B24B-D60FE42253A8}.Debug|Any CPU.ActiveCfg = Debug|Any CPU
		{0C4872FD-A076-4748-B24B-D60FE42253A8}.Debug|Any CPU.Build.0 = Debug|Any CPU
		{0C4872FD-A076-4748-B24B-D60FE42253A8}.Release|Any CPU.ActiveCfg = Release|Any CPU
		{0C4872FD-A076-4748-B24B-D60FE42253A8}.Release|Any CPU.Build.0 = Release|Any CPU
		{046F80D1-6AC8-4219-90E5-F39BEDFAA974}.Debug|Any CPU.ActiveCfg = Debug|Any CPU
		{046F80D1-6AC8-4219-90E5-F39BEDFAA974}.Debug|Any CPU.Build.0 = Debug|Any CPU
		{046F80D1-6AC8-4219-90E5-F39BEDFAA974}.Release|Any CPU.ActiveCfg = Release|Any CPU
		{046F80D1-6AC8-4219-90E5-F39BEDFAA974}.Release|Any CPU.Build.0 = Release|Any CPU
		{E57E029A-D40D-43E0-B2F9-0A4FDD0A9EFF}.Debug|Any CPU.ActiveCfg = Debug|Any CPU
		{E57E029A-D40D-43E0-B2F9-0A4FDD0A9EFF}.Debug|Any CPU.Build.0 = Debug|Any CPU
		{E57E029A-D40D-43E0-B2F9-0A4FDD0A9EFF}.Release|Any CPU.ActiveCfg = Release|Any CPU
		{E57E029A-D40D-43E0-B2F9-0A4FDD0A9EFF}.Release|Any CPU.Build.0 = Release|Any CPU
		{B3CCC14D-E8F7-48AE-9F20-DFF5339B0718}.Debug|Any CPU.ActiveCfg = Debug|Any CPU
		{B3CCC14D-E8F7-48AE-9F20-DFF5339B0718}.Debug|Any CPU.Build.0 = Debug|Any CPU
		{B3CCC14D-E8F7-48AE-9F20-DFF5339B0718}.Release|Any CPU.ActiveCfg = Release|Any CPU
		{B3CCC14D-E8F7-48AE-9F20-DFF5339B0718}.Release|Any CPU.Build.0 = Release|Any CPU
		{18984CF0-AC5E-4D41-B17E-EABB5A8FFBC8}.Debug|Any CPU.ActiveCfg = Debug|Any CPU
		{18984CF0-AC5E-4D41-B17E-EABB5A8FFBC8}.Debug|Any CPU.Build.0 = Debug|Any CPU
		{18984CF0-AC5E-4D41-B17E-EABB5A8FFBC8}.Release|Any CPU.ActiveCfg = Release|Any CPU
		{18984CF0-AC5E-4D41-B17E-EABB5A8FFBC8}.Release|Any CPU.Build.0 = Release|Any CPU
		{E8A113E9-A9CC-4E75-8ABA-3F8BD303AC87}.Debug|Any CPU.ActiveCfg = Debug|Any CPU
		{E8A113E9-A9CC-4E75-8ABA-3F8BD303AC87}.Debug|Any CPU.Build.0 = Debug|Any CPU
		{E8A113E9-A9CC-4E75-8ABA-3F8BD303AC87}.Release|Any CPU.ActiveCfg = Release|Any CPU
		{E8A113E9-A9CC-4E75-8ABA-3F8BD303AC87}.Release|Any CPU.Build.0 = Release|Any CPU
		{6727EBE5-70CA-4DD8-983F-06466DFDCF5C}.Debug|Any CPU.ActiveCfg = Debug|Any CPU
		{6727EBE5-70CA-4DD8-983F-06466DFDCF5C}.Debug|Any CPU.Build.0 = Debug|Any CPU
		{6727EBE5-70CA-4DD8-983F-06466DFDCF5C}.Release|Any CPU.ActiveCfg = Release|Any CPU
		{6727EBE5-70CA-4DD8-983F-06466DFDCF5C}.Release|Any CPU.Build.0 = Release|Any CPU
		{2D3565EE-4ED6-457E-85AD-BA12F4A2377B}.Debug|Any CPU.ActiveCfg = Debug|Any CPU
		{2D3565EE-4ED6-457E-85AD-BA12F4A2377B}.Debug|Any CPU.Build.0 = Debug|Any CPU
		{2D3565EE-4ED6-457E-85AD-BA12F4A2377B}.Release|Any CPU.ActiveCfg = Release|Any CPU
		{2D3565EE-4ED6-457E-85AD-BA12F4A2377B}.Release|Any CPU.Build.0 = Release|Any CPU
		{05DEFD7E-2DE4-4363-AF30-481295906BE6}.Debug|Any CPU.ActiveCfg = Debug|Any CPU
		{05DEFD7E-2DE4-4363-AF30-481295906BE6}.Debug|Any CPU.Build.0 = Debug|Any CPU
		{05DEFD7E-2DE4-4363-AF30-481295906BE6}.Release|Any CPU.ActiveCfg = Release|Any CPU
		{05DEFD7E-2DE4-4363-AF30-481295906BE6}.Release|Any CPU.Build.0 = Release|Any CPU
		{2E327C31-D034-42A4-BB0B-EB9D9D9830F8}.Debug|Any CPU.ActiveCfg = Debug|Any CPU
		{2E327C31-D034-42A4-BB0B-EB9D9D9830F8}.Debug|Any CPU.Build.0 = Debug|Any CPU
		{2E327C31-D034-42A4-BB0B-EB9D9D9830F8}.Release|Any CPU.ActiveCfg = Release|Any CPU
		{2E327C31-D034-42A4-BB0B-EB9D9D9830F8}.Release|Any CPU.Build.0 = Release|Any CPU
		{AD13A18C-79A4-44D8-85FD-118BF52B0ADD}.Debug|Any CPU.ActiveCfg = Debug|Any CPU
		{AD13A18C-79A4-44D8-85FD-118BF52B0ADD}.Debug|Any CPU.Build.0 = Debug|Any CPU
		{AD13A18C-79A4-44D8-85FD-118BF52B0ADD}.Release|Any CPU.ActiveCfg = Release|Any CPU
		{AD13A18C-79A4-44D8-85FD-118BF52B0ADD}.Release|Any CPU.Build.0 = Release|Any CPU
		{CBCB7125-637E-4F84-BD25-3AD090FE26B8}.Debug|Any CPU.ActiveCfg = Debug|Any CPU
		{CBCB7125-637E-4F84-BD25-3AD090FE26B8}.Debug|Any CPU.Build.0 = Debug|Any CPU
		{CBCB7125-637E-4F84-BD25-3AD090FE26B8}.Release|Any CPU.ActiveCfg = Release|Any CPU
		{CBCB7125-637E-4F84-BD25-3AD090FE26B8}.Release|Any CPU.Build.0 = Release|Any CPU
		{92FA8019-080A-4232-BA2F-5F7320D69663}.Debug|Any CPU.ActiveCfg = Debug|Any CPU
		{92FA8019-080A-4232-BA2F-5F7320D69663}.Debug|Any CPU.Build.0 = Debug|Any CPU
		{92FA8019-080A-4232-BA2F-5F7320D69663}.Release|Any CPU.ActiveCfg = Release|Any CPU
		{92FA8019-080A-4232-BA2F-5F7320D69663}.Release|Any CPU.Build.0 = Release|Any CPU
		{A69F1E82-EECE-4C6E-A300-865D6CF51F94}.Debug|Any CPU.ActiveCfg = Debug|Any CPU
		{A69F1E82-EECE-4C6E-A300-865D6CF51F94}.Debug|Any CPU.Build.0 = Debug|Any CPU
		{A69F1E82-EECE-4C6E-A300-865D6CF51F94}.Release|Any CPU.ActiveCfg = Release|Any CPU
		{A69F1E82-EECE-4C6E-A300-865D6CF51F94}.Release|Any CPU.Build.0 = Release|Any CPU
		{E2C9F8BA-DDF5-4D9B-9DC6-59016C5B9A96}.Debug|Any CPU.ActiveCfg = Debug|Any CPU
		{E2C9F8BA-DDF5-4D9B-9DC6-59016C5B9A96}.Debug|Any CPU.Build.0 = Debug|Any CPU
		{E2C9F8BA-DDF5-4D9B-9DC6-59016C5B9A96}.Release|Any CPU.ActiveCfg = Release|Any CPU
		{E2C9F8BA-DDF5-4D9B-9DC6-59016C5B9A96}.Release|Any CPU.Build.0 = Release|Any CPU
		{A11F4820-A7E4-41F3-A01F-E33A8949C894}.Debug|Any CPU.ActiveCfg = Debug|Any CPU
		{A11F4820-A7E4-41F3-A01F-E33A8949C894}.Debug|Any CPU.Build.0 = Debug|Any CPU
		{A11F4820-A7E4-41F3-A01F-E33A8949C894}.Release|Any CPU.ActiveCfg = Release|Any CPU
		{A11F4820-A7E4-41F3-A01F-E33A8949C894}.Release|Any CPU.Build.0 = Release|Any CPU
		{A6BDC41B-CEB9-441B-95DD-4F0440BAB9C0}.Debug|Any CPU.ActiveCfg = Debug|Any CPU
		{A6BDC41B-CEB9-441B-95DD-4F0440BAB9C0}.Debug|Any CPU.Build.0 = Debug|Any CPU
		{A6BDC41B-CEB9-441B-95DD-4F0440BAB9C0}.Release|Any CPU.ActiveCfg = Release|Any CPU
		{A6BDC41B-CEB9-441B-95DD-4F0440BAB9C0}.Release|Any CPU.Build.0 = Release|Any CPU
		{BBB8356F-F768-4BC0-85A6-80B316B7C986}.Debug|Any CPU.ActiveCfg = Debug|Any CPU
		{BBB8356F-F768-4BC0-85A6-80B316B7C986}.Debug|Any CPU.Build.0 = Debug|Any CPU
		{BBB8356F-F768-4BC0-85A6-80B316B7C986}.Release|Any CPU.ActiveCfg = Release|Any CPU
		{BBB8356F-F768-4BC0-85A6-80B316B7C986}.Release|Any CPU.Build.0 = Release|Any CPU
		{2BFE2300-FB6F-4391-8FDE-E543D1493189}.Debug|Any CPU.ActiveCfg = Debug|Any CPU
		{2BFE2300-FB6F-4391-8FDE-E543D1493189}.Debug|Any CPU.Build.0 = Debug|Any CPU
		{2BFE2300-FB6F-4391-8FDE-E543D1493189}.Release|Any CPU.ActiveCfg = Release|Any CPU
		{2BFE2300-FB6F-4391-8FDE-E543D1493189}.Release|Any CPU.Build.0 = Release|Any CPU
		{B08AE073-14CE-4C32-B76B-232B23C3B95D}.Debug|Any CPU.ActiveCfg = Debug|Any CPU
		{B08AE073-14CE-4C32-B76B-232B23C3B95D}.Debug|Any CPU.Build.0 = Debug|Any CPU
		{B08AE073-14CE-4C32-B76B-232B23C3B95D}.Release|Any CPU.ActiveCfg = Release|Any CPU
		{B08AE073-14CE-4C32-B76B-232B23C3B95D}.Release|Any CPU.Build.0 = Release|Any CPU
	EndGlobalSection
	GlobalSection(SolutionProperties) = preSolution
		HideSolutionNode = FALSE
	EndGlobalSection
	GlobalSection(ExtensibilityGlobals) = postSolution
		SolutionGuid = {B9911943-1460-4611-8129-87C1860DAB07}
	EndGlobalSection
EndGlobal
