
Microsoft Visual Studio Solution File, Format Version 12.00
# Visual Studio Version 17
VisualStudioVersion = 17.3.32922.545
MinimumVisualStudioVersion = 10.0.40219.1
Project("{9A19103F-16F7-4668-BE54-9A1E7A4F7556}") = "ConsoleApp1", "ConsoleApp1\ConsoleApp1.csproj", "{D6ABE332-D5D4-4701-A939-50B6C8726006}"
EndProject
Project("{9A19103F-16F7-4668-BE54-9A1E7A4F7556}") = "ShowPicInForm", "ShowPicInForm\ShowPicInForm.csproj", "{2112404F-BA52-4FD5-BC62-1DB1422D58DD}"
EndProject
Project("{FAE04EC0-301F-11D3-BF4B-00C04F79EFBC}") = "WindowsFormsApp2", "WindowsFormsApp2\WindowsFormsApp2.csproj", "{4DD1584C-21EC-449F-9528-7A450D5A457A}"
EndProject
Project("{9A19103F-16F7-4668-BE54-9A1E7A4F7556}") = "MyClassLibrary", "MyClassLibrary\MyClassLibrary.csproj", "{E0E3AD55-C87F-4068-8DC9-66797D6A04E3}"
EndProject
Project("{9A19103F-16F7-4668-BE54-9A1E7A4F7556}") = "Animal_zoo", "Animal_zoo\Animal_zoo.csproj", "{11D71F79-168E-44A1-9FFA-27DAECCF0FC8}"
EndProject
Project("{9A19103F-16F7-4668-BE54-9A1E7A4F7556}") = "AbstractClassAndInterface", "AbstractClassAndInterface\AbstractClassAndInterface.csproj", "{D545B8FD-0AD8-4B82-B02D-DCCCE26D472A}"
EndProject
Project("{9A19103F-16F7-4668-BE54-9A1E7A4F7556}") = "PatternMatch", "PatternMatch\PatternMatch.csproj", "{0C4872FD-A076-4748-B24B-D60FE42253A8}"
EndProject
Project("{9A19103F-16F7-4668-BE54-9A1E7A4F7556}") = "ExceptionCatch", "ExceptionCatch\ExceptionCatch.csproj", "{046F80D1-6AC8-4219-90E5-F39BEDFAA974}"
EndProject
Project("{FAE04EC0-301F-11D3-BF4B-00C04F79EFBC}") = "EmbedException", "EmbedException\EmbedException.csproj", "{E57E029A-D40D-43E0-B2F9-0A4FDD0A9EFF}"
EndProject
Project("{FAE04EC0-301F-11D3-BF4B-00C04F79EFBC}") = "GenericProgram", "GenericProgram\GenericProgram.csproj", "{B3CCC14D-E8F7-48AE-9F20-DFF5339B0718}"
EndProject
Global
	GlobalSection(SolutionConfigurationPlatforms) = preSolution
		Debug|Any CPU = Debug|Any CPU
		Release|Any CPU = Release|Any CPU
	EndGlobalSection
	GlobalSection(ProjectConfigurationPlatforms) = postSolution
		{D6ABE332-D5D4-4701-A939-50B6C8726006}.Debug|Any CPU.ActiveCfg = Debug|Any CPU
		{D6ABE332-D5D4-4701-A939-50B6C8726006}.Debug|Any CPU.Build.0 = Debug|Any CPU
		{D6ABE332-D5D4-4701-A939-50B6C8726006}.Release|Any CPU.ActiveCfg = Release|Any CPU
		{D6ABE332-D5D4-4701-A939-50B6C8726006}.Release|Any CPU.Build.0 = Release|Any CPU
		{2112404F-BA52-4FD5-BC62-1DB1422D58DD}.Debug|Any CPU.ActiveCfg = Debug|Any CPU
		{2112404F-BA52-4FD5-BC62-1DB1422D58DD}.Debug|Any CPU.Build.0 = Debug|Any CPU
		{2112404F-BA52-4FD5-BC62-1DB1422D58DD}.Release|Any CPU.ActiveCfg = Release|Any CPU
		{2112404F-BA52-4FD5-BC62-1DB1422D58DD}.Release|Any CPU.Build.0 = Release|Any CPU
		{4DD1584C-21EC-449F-9528-7A450D5A457A}.Debug|Any CPU.ActiveCfg = Debug|Any CPU
		{4DD1584C-21EC-449F-9528-7A450D5A457A}.Debug|Any CPU.Build.0 = Debug|Any CPU
		{4DD1584C-21EC-449F-9528-7A450D5A457A}.Release|Any CPU.ActiveCfg = Release|Any CPU
		{4DD1584C-21EC-449F-9528-7A450D5A457A}.Release|Any CPU.Build.0 = Release|Any CPU
		{E0E3AD55-C87F-4068-8DC9-66797D6A04E3}.Debug|Any CPU.ActiveCfg = Debug|Any CPU
		{E0E3AD55-C87F-4068-8DC9-66797D6A04E3}.Debug|Any CPU.Build.0 = Debug|Any CPU
		{E0E3AD55-C87F-4068-8DC9-66797D6A04E3}.Release|Any CPU.ActiveCfg = Release|Any CPU
		{E0E3AD55-C87F-4068-8DC9-66797D6A04E3}.Release|Any CPU.Build.0 = Release|Any CPU
		{11D71F79-168E-44A1-9FFA-27DAECCF0FC8}.Debug|Any CPU.ActiveCfg = Debug|Any CPU
		{11D71F79-168E-44A1-9FFA-27DAECCF0FC8}.Debug|Any CPU.Build.0 = Debug|Any CPU
		{11D71F79-168E-44A1-9FFA-27DAECCF0FC8}.Release|Any CPU.ActiveCfg = Release|Any CPU
		{11D71F79-168E-44A1-9FFA-27DAECCF0FC8}.Release|Any CPU.Build.0 = Release|Any CPU
		{D545B8FD-0AD8-4B82-B02D-DCCCE26D472A}.Debug|Any CPU.ActiveCfg = Debug|Any CPU
		{D545B8FD-0AD8-4B82-B02D-DCCCE26D472A}.Debug|Any CPU.Build.0 = Debug|Any CPU
		{D545B8FD-0AD8-4B82-B02D-DCCCE26D472A}.Release|Any CPU.ActiveCfg = Release|Any CPU
		{D545B8FD-0AD8-4B82-B02D-DCCCE26D472A}.Release|Any CPU.Build.0 = Release|Any CPU
		{0C4872FD-A076-4748-B24B-D60FE42253A8}.Debug|Any CPU.ActiveCfg = Debug|Any CPU
		{0C4872FD-A076-4748-B24B-D60FE42253A8}.Debug|Any CPU.Build.0 = Debug|Any CPU
		{0C4872FD-A076-4748-B24B-D60FE42253A8}.Release|Any CPU.ActiveCfg = Release|Any CPU
		{0C4872FD-A076-4748-B24B-D60FE42253A8}.Release|Any CPU.Build.0 = Release|Any CPU
		{046F80D1-6AC8-4219-90E5-F39BEDFAA974}.Debug|Any CPU.ActiveCfg = Debug|Any CPU
		{046F80D1-6AC8-4219-90E5-F39BEDFAA974}.Debug|Any CPU.Build.0 = Debug|Any CPU
		{046F80D1-6AC8-4219-90E5-F39BEDFAA974}.Release|Any CPU.ActiveCfg = Release|Any CPU
		{046F80D1-6AC8-4219-90E5-F39BEDFAA974}.Release|Any CPU.Build.0 = Release|Any CPU
		{E57E029A-D40D-43E0-B2F9-0A4FDD0A9EFF}.Debug|Any CPU.ActiveCfg = Debug|Any CPU
		{E57E029A-D40D-43E0-B2F9-0A4FDD0A9EFF}.Debug|Any CPU.Build.0 = Debug|Any CPU
		{E57E029A-D40D-43E0-B2F9-0A4FDD0A9EFF}.Release|Any CPU.ActiveCfg = Release|Any CPU
		{E57E029A-D40D-43E0-B2F9-0A4FDD0A9EFF}.Release|Any CPU.Build.0 = Release|Any CPU
		{B3CCC14D-E8F7-48AE-9F20-DFF5339B0718}.Debug|Any CPU.ActiveCfg = Debug|Any CPU
		{B3CCC14D-E8F7-48AE-9F20-DFF5339B0718}.Debug|Any CPU.Build.0 = Debug|Any CPU
		{B3CCC14D-E8F7-48AE-9F20-DFF5339B0718}.Release|Any CPU.ActiveCfg = Release|Any CPU
		{B3CCC14D-E8F7-48AE-9F20-DFF5339B0718}.Release|Any CPU.Build.0 = Release|Any CPU
	EndGlobalSection
	GlobalSection(SolutionProperties) = preSolution
		HideSolutionNode = FALSE
	EndGlobalSection
	GlobalSection(ExtensibilityGlobals) = postSolution
		SolutionGuid = {B9911943-1460-4611-8129-87C1860DAB07}
	EndGlobalSection
EndGlobal
